
Microsoft Visual Studio Solution File, Format Version 12.00
# Visual Studio Version 17
VisualStudioVersion = 17.0.31919.166
MinimumVisualStudioVersion = 10.0.40219.1
Project("{FAE04EC0-301F-11D3-BF4B-00C04F79EFBC}") = "TestSQLApp", "TestSQLApp\TestSQLApp.csproj", "{6F80127F-617E-43CF-A34A-3461A9199BE8}"
EndProject
Global
	GlobalSection(SolutionConfigurationPlatforms) = preSolution
		Debug|Any CPU = Debug|Any CPU
		Release|Any CPU = Release|Any CPU
	EndGlobalSection
	GlobalSection(ProjectConfigurationPlatforms) = postSolution
		{6F80127F-617E-43CF-A34A-3461A9199BE8}.Debug|Any CPU.ActiveCfg = Debug|Any CPU
		{6F80127F-617E-43CF-A34A-3461A9199BE8}.Debug|Any CPU.Build.0 = Debug|Any CPU
		{6F80127F-617E-43CF-A34A-3461A9199BE8}.Release|Any CPU.ActiveCfg = Release|Any CPU
		{6F80127F-617E-43CF-A34A-3461A9199BE8}.Release|Any CPU.Build.0 = Release|Any CPU
	EndGlobalSection
	GlobalSection(SolutionProperties) = preSolution
		HideSolutionNode = FALSE
	EndGlobalSection
	GlobalSection(ExtensibilityGlobals) = postSolution
		SolutionGuid = {CD1BF36D-0804-4DFC-87C5-4C76DD921D7E}
	EndGlobalSection
EndGlobal
